
Microsoft Visual Studio Solution File, Format Version 12.00
# Visual Studio 15
Project("{FAE04EC0-301F-11D3-BF4B-00C04F79EFBC}") = "reversi", "reversi.csproj", "{D010B470-6B13-4B67-8904-464908D16C36}"
EndProject
Global
	GlobalSection(SolutionConfigurationPlatforms) = preSolution
		Debug|anycpu = Debug|anycpu
		Release|anycpu = Release|anycpu
	EndGlobalSection
	GlobalSection(ProjectConfigurationPlatforms) = postSolution
		{D010B470-6B13-4B67-8904-464908D16C36}.Debug|anycpu.ActiveCfg = Debug|anycpu
		{D010B470-6B13-4B67-8904-464908D16C36}.Debug|anycpu.Build.0 = Debug|anycpu
		{D010B470-6B13-4B67-8904-464908D16C36}.Release|anycpu.ActiveCfg = Release|anycpu
		{D010B470-6B13-4B67-8904-464908D16C36}.Release|anycpu.Build.0 = Release|anycpu
	EndGlobalSection
EndGlobal
